// !$*UTF8*$!
{
	archiveVersion = 1;
	classes = {
	};
	objectVersion = 46;
	objects = {

/* Begin PBXBuildFile section */
		F51AE9BB1F25A9DA002380D1 /* AppDelegate.swift in Sources */ = {isa = PBXBuildFile; fileRef = F51AE9BA1F25A9DA002380D1 /* AppDelegate.swift */; };
		F51AE9BD1F25A9DA002380D1 /* ViewController.swift in Sources */ = {isa = PBXBuildFile; fileRef = F51AE9BC1F25A9DA002380D1 /* ViewController.swift */; };
		F51AE9C01F25A9DA002380D1 /* Main.storyboard in Resources */ = {isa = PBXBuildFile; fileRef = F51AE9BE1F25A9DA002380D1 /* Main.storyboard */; };
		F51AE9C21F25A9DA002380D1 /* Assets.xcassets in Resources */ = {isa = PBXBuildFile; fileRef = F51AE9C11F25A9DA002380D1 /* Assets.xcassets */; };
		F51AE9C51F25A9DA002380D1 /* LaunchScreen.storyboard in Resources */ = {isa = PBXBuildFile; fileRef = F51AE9C31F25A9DA002380D1 /* LaunchScreen.storyboard */; };
		F51AE9CD1F25AD5D002380D1 /* FirstTableViewCell.swift in Sources */ = {isa = PBXBuildFile; fileRef = F51AE9CC1F25AD5D002380D1 /* FirstTableViewCell.swift */; };
		F51AE9CF1F25C1A9002380D1 /* SecondTableViewCell.swift in Sources */ = {isa = PBXBuildFile; fileRef = F51AE9CE1F25C1A9002380D1 /* SecondTableViewCell.swift */; };
/* End PBXBuildFile section */

/* Begin PBXFileReference section */
		F51AE9B71F25A9DA002380D1 /* TableViewSample.app */ = {isa = PBXFileReference; explicitFileType = wrapper.application; includeInIndex = 0; path = TableViewSample.app; sourceTree = BUILT_PRODUCTS_DIR; };
		F51AE9BA1F25A9DA002380D1 /* AppDelegate.swift */ = {isa = PBXFileReference; lastKnownFileType = sourcecode.swift; path = AppDelegate.swift; sourceTree = "<group>"; };
		F51AE9BC1F25A9DA002380D1 /* ViewController.swift */ = {isa = PBXFileReference; lastKnownFileType = sourcecode.swift; path = ViewController.swift; sourceTree = "<group>"; };
		F51AE9BF1F25A9DA002380D1 /* Base */ = {isa = PBXFileReference; lastKnownFileType = file.storyboard; name = Base; path = Base.lproj/Main.storyboard; sourceTree = "<group>"; };
		F51AE9C11F25A9DA002380D1 /* Assets.xcassets */ = {isa = PBXFileReference; lastKnownFileType = folder.assetcatalog; path = Assets.xcassets; sourceTree = "<group>"; };
		F51AE9C41F25A9DA002380D1 /* Base */ = {isa = PBXFileReference; lastKnownFileType = file.storyboard; name = Base; path = Base.lproj/LaunchScreen.storyboard; sourceTree = "<group>"; };
		F51AE9C61F25A9DA002380D1 /* Info.plist */ = {isa = PBXFileReference; lastKnownFileType = text.plist.xml; path = Info.plist; sourceTree = "<group>"; };
		F51AE9CC1F25AD5D002380D1 /* FirstTableViewCell.swift */ = {isa = PBXFileReference; fileEncoding = 4; lastKnownFileType = sourcecode.swift; path = FirstTableViewCell.swift; sourceTree = "<group>"; };
		F51AE9CE1F25C1A9002380D1 /* SecondTableViewCell.swift */ = {isa = PBXFileReference; fileEncoding = 4; lastKnownFileType = sourcecode.swift; path = SecondTableViewCell.swift; sourceTree = "<group>"; };
/* End PBXFileReference section */

/* Begin PBXFrameworksBuildPhase section */
		F51AE9B41F25A9D9002380D1 /* Frameworks */ = {
			isa = PBXFrameworksBuildPhase;
			buildActionMask = 2147483647;
			files = (
			);
			runOnlyForDeploymentPostprocessing = 0;
		};
/* End PBXFrameworksBuildPhase section */

/* Begin PBXGroup section */
		F51AE9AE1F25A9D9002380D1 = {
			isa = PBXGroup;
			children = (
				F51AE9B91F25A9DA002380D1 /* TableViewSample */,
				F51AE9B81F25A9DA002380D1 /* Products */,
			);
			sourceTree = "<group>";
		};
		F51AE9B81F25A9DA002380D1 /* Products */ = {
			isa = PBXGroup;
			children = (
				F51AE9B71F25A9DA002380D1 /* TableViewSample.app */,
			);
			name = Products;
			sourceTree = "<group>";
		};
		F51AE9B91F25A9DA002380D1 /* TableViewSample */ = {
			isa = PBXGroup;
			children = (
				F51AE9BA1F25A9DA002380D1 /* AppDelegate.swift */,
				F51AE9BC1F25A9DA002380D1 /* ViewController.swift */,
				F51AE9CE1F25C1A9002380D1 /* SecondTableViewCell.swift */,
				F51AE9CC1F25AD5D002380D1 /* FirstTableViewCell.swift */,
				F51AE9BE1F25A9DA002380D1 /* Main.storyboard */,
				F51AE9C11F25A9DA002380D1 /* Assets.xcassets */,
				F51AE9C31F25A9DA002380D1 /* LaunchScreen.storyboard */,
				F51AE9C61F25A9DA002380D1 /* Info.plist */,
			);
			path = TableViewSample;
			sourceTree = "<group>";
		};
/* End PBXGroup section */

/* Begin PBXNativeTarget section */
		F51AE9B61F25A9D9002380D1 /* TableViewSample */ = {
			isa = PBXNativeTarget;
			buildConfigurationList = F51AE9C91F25A9DA002380D1 /* Build configuration list for PBXNativeTarget "TableViewSample" */;
			buildPhases = (
				F51AE9B31F25A9D9002380D1 /* Sources */,
				F51AE9B41F25A9D9002380D1 /* Frameworks */,
				F51AE9B51F25A9D9002380D1 /* Resources */,
			);
			buildRules = (
			);
			dependencies = (
			);
			name = TableViewSample;
			productName = TableViewSample;
			productReference = F51AE9B71F25A9DA002380D1 /* TableViewSample.app */;
			productType = "com.apple.product-type.application";
		};
/* End PBXNativeTarget section */

/* Begin PBXProject section */
		F51AE9AF1F25A9D9002380D1 /* Project object */ = {
			isa = PBXProject;
			attributes = {
				LastSwiftUpdateCheck = 0820;
				LastUpgradeCheck = 0820;
				ORGANIZATIONNAME = seongbinson;
				TargetAttributes = {
					F51AE9B61F25A9D9002380D1 = {
						CreatedOnToolsVersion = 8.2.1;
						DevelopmentTeam = P4X26KECT8;
						ProvisioningStyle = Automatic;
					};
				};
			};
			buildConfigurationList = F51AE9B21F25A9D9002380D1 /* Build configuration list for PBXProject "TableViewSample" */;
			compatibilityVersion = "Xcode 3.2";
			developmentRegion = English;
			hasScannedForEncodings = 0;
			knownRegions = (
				en,
				Base,
			);
			mainGroup = F51AE9AE1F25A9D9002380D1;
			productRefGroup = F51AE9B81F25A9DA002380D1 /* Products */;
			projectDirPath = "";
			projectRoot = "";
			targets = (
				F51AE9B61F25A9D9002380D1 /* TableViewSample */,
			);
		};
/* End PBXProject section */

/* Begin PBXResourcesBuildPhase section */
		F51AE9B51F25A9D9002380D1 /* Resources */ = {
			isa = PBXResourcesBuildPhase;
			buildActionMask = 2147483647;
			files = (
				F51AE9C51F25A9DA002380D1 /* LaunchScreen.storyboard in Resources */,
				F51AE9C21F25A9DA002380D1 /* Assets.xcassets in Resources */,
				F51AE9C01F25A9DA002380D1 /* Main.storyboard in Resources */,
			);
			runOnlyForDeploymentPostprocessing = 0;
		};
/* End PBXResourcesBuildPhase section */

/* Begin PBXSourcesBuildPhase section */
		F51AE9B31F25A9D9002380D1 /* Sources */ = {
			isa = PBXSourcesBuildPhase;
			buildActionMask = 2147483647;
			files = (
				F51AE9CD1F25AD5D002380D1 /* FirstTableViewCell.swift in Sources */,
				F51AE9BD1F25A9DA002380D1 /* ViewController.swift in Sources */,
				F51AE9BB1F25A9DA002380D1 /* AppDelegate.swift in Sources */,
				F51AE9CF1F25C1A9002380D1 /* SecondTableViewCell.swift in Sources */,
			);
			runOnlyForDeploymentPostprocessing = 0;
		};
/* End PBXSourcesBuildPhase section */

/* Begin PBXVariantGroup section */
		F51AE9BE1F25A9DA002380D1 /* Main.storyboard */ = {
			isa = PBXVariantGroup;
			children = (
				F51AE9BF1F25A9DA002380D1 /* Base */,
			);
			name = Main.storyboard;
			sourceTree = "<group>";
		};
		F51AE9C31F25A9DA002380D1 /* LaunchScreen.storyboard */ = {
			isa = PBXVariantGroup;
			children = (
				F51AE9C41F25A9DA002380D1 /* Base */,
			);
			name = LaunchScreen.storyboard;
			sourceTree = "<group>";
		};
/* End PBXVariantGroup section */

/* Begin XCBuildConfiguration section */
		F51AE9C71F25A9DA002380D1 /* Debug */ = {
			isa = XCBuildConfiguration;
			buildSettings = {
				ALWAYS_SEARCH_USER_PATHS = NO;
				CLANG_ANALYZER_NONNULL = YES;
				CLANG_CXX_LANGUAGE_STANDARD = "gnu++0x";
				CLANG_CXX_LIBRARY = "libc++";
				CLANG_ENABLE_MODULES = YES;
				CLANG_ENABLE_OBJC_ARC = YES;
				CLANG_WARN_BOOL_CONVERSION = YES;
				CLANG_WARN_CONSTANT_CONVERSION = YES;
				CLANG_WARN_DIRECT_OBJC_ISA_USAGE = YES_ERROR;
				CLANG_WARN_DOCUMENTATION_COMMENTS = YES;
				CLANG_WARN_EMPTY_BODY = YES;
				CLANG_WARN_ENUM_CONVERSION = YES;
				CLANG_WARN_INFINITE_RECURSION = YES;
				CLANG_WARN_INT_CONVERSION = YES;
				CLANG_WARN_OBJC_ROOT_CLASS = YES_ERROR;
				CLANG_WARN_SUSPICIOUS_MOVE = YES;
				CLANG_WARN_UNREACHABLE_CODE = YES;
				CLANG_WARN__DUPLICATE_METHOD_MATCH = YES;
				"CODE_SIGN_IDENTITY[sdk=iphoneos*]" = "iPhone Developer";
				COPY_PHASE_STRIP = NO;
				DEBUG_INFORMATION_FORMAT = dwarf;
				ENABLE_STRICT_OBJC_MSGSEND = YES;
				ENABLE_TESTABILITY = YES;
				GCC_C_LANGUAGE_STANDARD = gnu99;
				GCC_DYNAMIC_NO_PIC = NO;
				GCC_NO_COMMON_BLOCKS = YES;
				GCC_OPTIMIZATION_LEVEL = 0;
				GCC_PREPROCESSOR_DEFINITIONS = (
					"DEBUG=1",
					"$(inherited)",
				);
				GCC_WARN_64_TO_32_BIT_CONVERSION = YES;
				GCC_WARN_ABOUT_RETURN_TYPE = YES_ERROR;
				GCC_WARN_UNDECLARED_SELECTOR = YES;
				GCC_WARN_UNINITIALIZED_AUTOS = YES_AGGRESSIVE;
				GCC_WARN_UNUSED_FUNCTION = YES;
				GCC_WARN_UNUSED_VARIABLE = YES;
				IPHONEOS_DEPLOYMENT_TARGET = 10.2;
				MTL_ENABLE_DEBUG_INFO = YES;
				ONLY_ACTIVE_ARCH = YES;
				SDKROOT = iphoneos;
				SWIFT_ACTIVE_COMPILATION_CONDITIONS = DEBUG;
				SWIFT_OPTIMIZATION_LEVEL = "-Onone";
				TARGETED_DEVICE_FAMILY = "1,2";
			};
			name = Debug;
		};
		F51AE9C81F25A9DA002380D1 /* Release */ = {
			isa = XCBuildConfiguration;
			buildSettings = {
				ALWAYS_SEARCH_USER_PATHS = NO;
				CLANG_ANALYZER_NONNULL = YES;
				CLANG_CXX_LANGUAGE_STANDARD = "gnu++0x";
				CLANG_CXX_LIBRARY = "libc++";
				CLANG_ENABLE_MODULES = YES;
				CLANG_ENABLE_OBJC_ARC = YES;
				CLANG_WARN_BOOL_CONVERSION = YES;
				CLANG_WARN_CONSTANT_CONVERSION = YES;
				CLANG_WARN_DIRECT_OBJC_ISA_USAGE = YES_ERROR;
				CLANG_WARN_DOCUMENTATION_COMMENTS = YES;
				CLANG_WARN_EMPTY_BODY = YES;
				CLANG_WARN_ENUM_CONVERSION = YES;
				CLANG_WARN_INFINITE_RECURSION = YES;
				CLANG_WARN_INT_CONVERSION = YES;
				CLANG_WARN_OBJC_ROOT_CLASS = YES_ERROR;
				CLANG_WARN_SUSPICIOUS_MOVE = YES;
				CLANG_WARN_UNREACHABLE_CODE = YES;
				CLANG_WARN__DUPLICATE_METHOD_MATCH = YES;
				"CODE_SIGN_IDENTITY[sdk=iphoneos*]" = "iPhone Developer";
				COPY_PHASE_STRIP = NO;
				DEBUG_INFORMATION_FORMAT = "dwarf-with-dsym";
				ENABLE_NS_ASSERTIONS = NO;
				ENABLE_STRICT_OBJC_MSGSEND = YES;
				GCC_C_LANGUAGE_STANDARD = gnu99;
				GCC_NO_COMMON_BLOCKS = YES;
				GCC_WARN_64_TO_32_BIT_CONVERSION = YES;
				GCC_WARN_ABOUT_RETURN_TYPE = YES_ERROR;
				GCC_WARN_UNDECLARED_SELECTOR = YES;
				GCC_WARN_UNINITIALIZED_AUTOS = YES_AGGRESSIVE;
				GCC_WARN_UNUSED_FUNCTION = YES;
				GCC_WARN_UNUSED_VARIABLE = YES;
				IPHONEOS_DEPLOYMENT_TARGET = 10.2;
				MTL_ENABLE_DEBUG_INFO = NO;
				SDKROOT = iphoneos;
				SWIFT_OPTIMIZATION_LEVEL = "-Owholemodule";
				TARGETED_DEVICE_FAMILY = "1,2";
				VALIDATE_PRODUCT = YES;
			};
			name = Release;
		};
		F51AE9CA1F25A9DA002380D1 /* Debug */ = {
			isa = XCBuildConfiguration;
			buildSettings = {
				ASSETCATALOG_COMPILER_APPICON_NAME = AppIcon;
				DEVELOPMENT_TEAM = P4X26KECT8;
				INFOPLIST_FILE = TableViewSample/Info.plist;
				LD_RUNPATH_SEARCH_PATHS = "$(inherited) @executable_path/Frameworks";
				PRODUCT_BUNDLE_IDENTIFIER = com.sdsb8432.TableViewSample;
				PRODUCT_NAME = "$(TARGET_NAME)";
				SWIFT_VERSION = 3.0;
			};
			name = Debug;
		};
		F51AE9CB1F25A9DA002380D1 /* Release */ = {
			isa = XCBuildConfiguration;
			buildSettings = {
				ASSETCATALOG_COMPILER_APPICON_NAME = AppIcon;
				DEVELOPMENT_TEAM = P4X26KECT8;
				INFOPLIST_FILE = TableViewSample/Info.plist;
				LD_RUNPATH_SEARCH_PATHS = "$(inherited) @executable_path/Frameworks";
				PRODUCT_BUNDLE_IDENTIFIER = com.sdsb8432.TableViewSample;
				PRODUCT_NAME = "$(TARGET_NAME)";
				SWIFT_VERSION = 3.0;
			};
			name = Release;
		};
/* End XCBuildConfiguration section */

/* Begin XCConfigurationList section */
		F51AE9B21F25A9D9002380D1 /* Build configuration list for PBXProject "TableViewSample" */ = {
			isa = XCConfigurationList;
			buildConfigurations = (
				F51AE9C71F25A9DA002380D1 /* Debug */,
				F51AE9C81F25A9DA002380D1 /* Release */,
			);
			defaultConfigurationIsVisible = 0;
			defaultConfigurationName = Release;
		};
		F51AE9C91F25A9DA002380D1 /* Build configuration list for PBXNativeTarget "TableViewSample" */ = {
			isa = XCConfigurationList;
			buildConfigurations = (
				F51AE9CA1F25A9DA002380D1 /* Debug */,
				F51AE9CB1F25A9DA002380D1 /* Release */,
			);
			defaultConfigurationIsVisible = 0;
		};
/* End XCConfigurationList section */
	};
	rootObject = F51AE9AF1F25A9D9002380D1 /* Project object */;
}
